
Microsoft Visual Studio Solution File, Format Version 12.00
# Visual Studio 2013
VisualStudioVersion = 12.0.21005.1
MinimumVisualStudioVersion = 10.0.40219.1
Project("{8BC9CEB8-8B4A-11D0-8D11-00A0C91BC942}") = "libcoro", "libcoro\libcoro.vcxproj", "{66D55775-3883-48F1-83B0-E63734BFDAA4}"
EndProject
Project("{2150E333-8FDC-42A3-9474-1A3956D46DE8}") = "Test", "Test", "{23382B7F-AFA9-4F83-BEC3-A6391986F650}"
EndProject
Project("{8BC9CEB8-8B4A-11D0-8D11-00A0C91BC942}") = "Basic", "libcoro\test\Basic.vcxproj", "{E006EF0A-616A-4D9E-B948-7BBFAE99E036}"
EndProject
Project("{8BC9CEB8-8B4A-11D0-8D11-00A0C91BC942}") = "Event", "libcoro\test\Event.vcxproj", "{5165CBFD-ABB8-4FFF-8738-1E889238A997}"
EndProject
Project("{8BC9CEB8-8B4A-11D0-8D11-00A0C91BC942}") = "Join", "libcoro\test\Join.vcxproj", "{18DBFB08-B94D-45E5-AFC1-EECD2A5697BB}"
EndProject
Project("{8BC9CEB8-8B4A-11D0-8D11-00A0C91BC942}") = "Selector", "libcoro\test\Selector.vcxproj", "{68CEC092-AFBB-47AA-99A6-7AD1185DE45C}"
EndProject
Project("{8BC9CEB8-8B4A-11D0-8D11-00A0C91BC942}") = "Socket", "libcoro\test\Socket.vcxproj", "{B195B82A-5C10-4EED-93E2-5ED96CB219A4}"
EndProject
Project("{8BC9CEB8-8B4A-11D0-8D11-00A0C91BC942}") = "SocketDisconnect", "libcoro\test\SocketDisconnect.vcxproj", "{E91E32A6-DD9E-4A45-B425-C31463B5DE0C}"
EndProject
Project("{8BC9CEB8-8B4A-11D0-8D11-00A0C91BC942}") = "Ssl", "libcoro\test\Ssl.vcxproj", "{927896E0-1EAE-43A8-A690-63244E95D46B}"
EndProject
Project("{8BC9CEB8-8B4A-11D0-8D11-00A0C91BC942}") = "Stack", "libcoro\test\Stack.vcxproj", "{9E116B23-03A1-4E50-A316-2E192E465226}"
EndProject
Global
	GlobalSection(SolutionConfigurationPlatforms) = preSolution
		Debug|Win32 = Debug|Win32
		Release|Win32 = Release|Win32
	EndGlobalSection
	GlobalSection(ProjectConfigurationPlatforms) = postSolution
		{66D55775-3883-48F1-83B0-E63734BFDAA4}.Debug|Win32.ActiveCfg = Debug|Win32
		{66D55775-3883-48F1-83B0-E63734BFDAA4}.Debug|Win32.Build.0 = Debug|Win32
		{66D55775-3883-48F1-83B0-E63734BFDAA4}.Release|Win32.ActiveCfg = Release|Win32
		{66D55775-3883-48F1-83B0-E63734BFDAA4}.Release|Win32.Build.0 = Release|Win32
		{E006EF0A-616A-4D9E-B948-7BBFAE99E036}.Debug|Win32.ActiveCfg = Debug|Win32
		{E006EF0A-616A-4D9E-B948-7BBFAE99E036}.Debug|Win32.Build.0 = Debug|Win32
		{E006EF0A-616A-4D9E-B948-7BBFAE99E036}.Release|Win32.ActiveCfg = Release|Win32
		{E006EF0A-616A-4D9E-B948-7BBFAE99E036}.Release|Win32.Build.0 = Release|Win32
		{5165CBFD-ABB8-4FFF-8738-1E889238A997}.Debug|Win32.ActiveCfg = Debug|Win32
		{5165CBFD-ABB8-4FFF-8738-1E889238A997}.Debug|Win32.Build.0 = Debug|Win32
		{5165CBFD-ABB8-4FFF-8738-1E889238A997}.Release|Win32.ActiveCfg = Release|Win32
		{5165CBFD-ABB8-4FFF-8738-1E889238A997}.Release|Win32.Build.0 = Release|Win32
		{18DBFB08-B94D-45E5-AFC1-EECD2A5697BB}.Debug|Win32.ActiveCfg = Debug|Win32
		{18DBFB08-B94D-45E5-AFC1-EECD2A5697BB}.Debug|Win32.Build.0 = Debug|Win32
		{18DBFB08-B94D-45E5-AFC1-EECD2A5697BB}.Release|Win32.ActiveCfg = Release|Win32
		{18DBFB08-B94D-45E5-AFC1-EECD2A5697BB}.Release|Win32.Build.0 = Release|Win32
		{68CEC092-AFBB-47AA-99A6-7AD1185DE45C}.Debug|Win32.ActiveCfg = Debug|Win32
		{68CEC092-AFBB-47AA-99A6-7AD1185DE45C}.Debug|Win32.Build.0 = Debug|Win32
		{68CEC092-AFBB-47AA-99A6-7AD1185DE45C}.Release|Win32.ActiveCfg = Release|Win32
		{68CEC092-AFBB-47AA-99A6-7AD1185DE45C}.Release|Win32.Build.0 = Release|Win32
		{B195B82A-5C10-4EED-93E2-5ED96CB219A4}.Debug|Win32.ActiveCfg = Debug|Win32
		{B195B82A-5C10-4EED-93E2-5ED96CB219A4}.Debug|Win32.Build.0 = Debug|Win32
		{B195B82A-5C10-4EED-93E2-5ED96CB219A4}.Release|Win32.ActiveCfg = Release|Win32
		{B195B82A-5C10-4EED-93E2-5ED96CB219A4}.Release|Win32.Build.0 = Release|Win32
		{E91E32A6-DD9E-4A45-B425-C31463B5DE0C}.Debug|Win32.ActiveCfg = Debug|Win32
		{E91E32A6-DD9E-4A45-B425-C31463B5DE0C}.Debug|Win32.Build.0 = Debug|Win32
		{E91E32A6-DD9E-4A45-B425-C31463B5DE0C}.Release|Win32.ActiveCfg = Release|Win32
		{E91E32A6-DD9E-4A45-B425-C31463B5DE0C}.Release|Win32.Build.0 = Release|Win32
		{927896E0-1EAE-43A8-A690-63244E95D46B}.Debug|Win32.ActiveCfg = Debug|Win32
		{927896E0-1EAE-43A8-A690-63244E95D46B}.Debug|Win32.Build.0 = Debug|Win32
		{927896E0-1EAE-43A8-A690-63244E95D46B}.Release|Win32.ActiveCfg = Release|Win32
		{927896E0-1EAE-43A8-A690-63244E95D46B}.Release|Win32.Build.0 = Release|Win32
		{9E116B23-03A1-4E50-A316-2E192E465226}.Debug|Win32.ActiveCfg = Debug|Win32
		{9E116B23-03A1-4E50-A316-2E192E465226}.Debug|Win32.Build.0 = Debug|Win32
		{9E116B23-03A1-4E50-A316-2E192E465226}.Release|Win32.ActiveCfg = Release|Win32
		{9E116B23-03A1-4E50-A316-2E192E465226}.Release|Win32.Build.0 = Release|Win32
	EndGlobalSection
	GlobalSection(SolutionProperties) = preSolution
		HideSolutionNode = FALSE
	EndGlobalSection
	GlobalSection(NestedProjects) = preSolution
		{E006EF0A-616A-4D9E-B948-7BBFAE99E036} = {23382B7F-AFA9-4F83-BEC3-A6391986F650}
		{5165CBFD-ABB8-4FFF-8738-1E889238A997} = {23382B7F-AFA9-4F83-BEC3-A6391986F650}
		{18DBFB08-B94D-45E5-AFC1-EECD2A5697BB} = {23382B7F-AFA9-4F83-BEC3-A6391986F650}
		{68CEC092-AFBB-47AA-99A6-7AD1185DE45C} = {23382B7F-AFA9-4F83-BEC3-A6391986F650}
		{B195B82A-5C10-4EED-93E2-5ED96CB219A4} = {23382B7F-AFA9-4F83-BEC3-A6391986F650}
		{E91E32A6-DD9E-4A45-B425-C31463B5DE0C} = {23382B7F-AFA9-4F83-BEC3-A6391986F650}
		{927896E0-1EAE-43A8-A690-63244E95D46B} = {23382B7F-AFA9-4F83-BEC3-A6391986F650}
		{9E116B23-03A1-4E50-A316-2E192E465226} = {23382B7F-AFA9-4F83-BEC3-A6391986F650}
	EndGlobalSection
EndGlobal
