<?xml version="1.0" encoding="utf-8"?>
<Project ToolsVersion="4.0" xmlns="http://schemas.microsoft.com/developer/msbuild/2003">
  <ItemGroup>
    <Filter Include="Source Files">
      <UniqueIdentifier>{4FC737F1-C7A5-4376-A066-2A32D752A2FF}</UniqueIdentifier>
      <Extensions>cpp;c;cc;cxx;def;odl;idl;hpj;bat;asm;asmx</Extensions>
    </Filter>
    <Filter Include="Header Files">
      <UniqueIdentifier>{93995380-89BD-4b04-88EB-625FBE52EBFB}</UniqueIdentifier>
      <Extensions>h;hpp;hxx;hm;inl;inc;xsd</Extensions>
    </Filter>
    <Filter Include="Resource Files">
      <UniqueIdentifier>{67DA6AB6-F800-4c08-8B7A-83BB121AAD01}</UniqueIdentifier>
      <Extensions>rc;ico;cur;bmp;dlg;rc2;rct;bin;rgs;gif;jpg;jpeg;jpe;resx;tiff;tif;png;wav</Extensions>
    </Filter>
    <Filter Include="Header Files\coro">
      <UniqueIdentifier>{7038c5a3-545e-44b8-a001-eae09a9426a5}</UniqueIdentifier>
    </Filter>
  </ItemGroup>
  <ItemGroup>
    <ClCompile Include="src\Common.cpp">
      <Filter>Source Files</Filter>
    </ClCompile>
    <ClCompile Include="src\Coroutine.cpp">
      <Filter>Source Files</Filter>
    </ClCompile>
    <ClCompile Include="src\Error.cpp">
      <Filter>Source Files</Filter>
    </ClCompile>
    <ClCompile Include="src\Event.cpp">
      <Filter>Source Files</Filter>
    </ClCompile>
    <ClCompile Include="src\Hub.cpp">
      <Filter>Source Files</Filter>
    </ClCompile>
    <ClCompile Include="src\Selector.cpp">
      <Filter>Source Files</Filter>
    </ClCompile>
    <ClCompile Include="src\Socket.cpp">
      <Filter>Source Files</Filter>
    </ClCompile>
    <ClCompile Include="src\SslSocket.cpp">
      <Filter>Source Files</Filter>
    </ClCompile>
    <ClCompile Include="src\Time.cpp">
      <Filter>Source Files</Filter>
    </ClCompile>
  </ItemGroup>
  <ItemGroup>
    <None Include="src\Coroutine.Win.inl">
      <Filter>Header Files</Filter>
    </None>
    <None Include="src\Hub.osx.inl">
      <Filter>Header Files</Filter>
    </None>
    <None Include="src\Hub.Win.inl">
      <Filter>Header Files</Filter>
    </None>
    <None Include="src\Socket.osx.inl">
      <Filter>Header Files</Filter>
    </None>
    <None Include="src\Socket.win.inl">
      <Filter>Header Files</Filter>
    </None>
  </ItemGroup>
  <ItemGroup>
    <Text Include="ReadMe.txt" />
  </ItemGroup>
  <ItemGroup>
    <MASM Include="src\Coroutine.Intel32.s" />
  </ItemGroup>
  <ItemGroup>
    <ClInclude Include="include\coro\Event.hpp">
      <Filter>Header Files\coro</Filter>
    </ClInclude>
    <ClInclude Include="include\coro\Hub.hpp">
      <Filter>Header Files\coro</Filter>
    </ClInclude>
    <ClInclude Include="include\coro\Selector.hpp">
      <Filter>Header Files\coro</Filter>
    </ClInclude>
    <ClInclude Include="include\coro\Socket.hpp">
      <Filter>Header Files\coro</Filter>
    </ClInclude>
    <ClInclude Include="include\coro\SslSocket.hpp">
      <Filter>Header Files\coro</Filter>
    </ClInclude>
    <ClInclude Include="include\coro\Time.hpp">
      <Filter>Header Files\coro</Filter>
    </ClInclude>
    <ClInclude Include="include\coro\Common.hpp">
      <Filter>Header Files\coro</Filter>
    </ClInclude>
    <ClInclude Include="include\coro\coro.hpp">
      <Filter>Header Files\coro</Filter>
    </ClInclude>
    <ClInclude Include="include\coro\Coroutine.hpp">
      <Filter>Header Files\coro</Filter>
    </ClInclude>
    <ClInclude Include="include\coro\Error.hpp">
      <Filter>Header Files\coro</Filter>
    </ClInclude>
  </ItemGroup>
</Project>